
Microsoft Visual Studio Solution File, Format Version 12.00
# Visual Studio Version 17
VisualStudioVersion = 17.9.34902.65
MinimumVisualStudioVersion = 10.0.40219.1
Project("{FAE04EC0-301F-11D3-BF4B-00C04F79EFBC}") = "Questao03", "Questao03.csproj", "{5590C949-5A24-4C3C-8C25-169EB802B3CF}"
EndProject
Global
	GlobalSection(SolutionConfigurationPlatforms) = preSolution
		Debug|Any CPU = Debug|Any CPU
		Release|Any CPU = Release|Any CPU
	EndGlobalSection
	GlobalSection(ProjectConfigurationPlatforms) = postSolution
		{5590C949-5A24-4C3C-8C25-169EB802B3CF}.Debug|Any CPU.ActiveCfg = Debug|Any CPU
		{5590C949-5A24-4C3C-8C25-169EB802B3CF}.Debug|Any CPU.Build.0 = Debug|Any CPU
		{5590C949-5A24-4C3C-8C25-169EB802B3CF}.Release|Any CPU.ActiveCfg = Release|Any CPU
		{5590C949-5A24-4C3C-8C25-169EB802B3CF}.Release|Any CPU.Build.0 = Release|Any CPU
	EndGlobalSection
	GlobalSection(SolutionProperties) = preSolution
		HideSolutionNode = FALSE
	EndGlobalSection
	GlobalSection(ExtensibilityGlobals) = postSolution
		SolutionGuid = {AC383B28-4ACA-4D09-84AE-1A56DF8CA865}
	EndGlobalSection
EndGlobal
